
Microsoft Visual Studio Solution File, Format Version 12.00
# Visual Studio Version 17
VisualStudioVersion = 17.5.33530.505
MinimumVisualStudioVersion = 10.0.40219.1
Project("{FAE04EC0-301F-11D3-BF4B-00C04F79EFBC}") = "VIII-Tasks", "VIII-Tasks\VIII-Tasks.csproj", "{EA4F2AE0-1C36-4062-9170-B0934FE228F6}"
EndProject
Global
	GlobalSection(SolutionConfigurationPlatforms) = preSolution
		Debug|Any CPU = Debug|Any CPU
		Release|Any CPU = Release|Any CPU
	EndGlobalSection
	GlobalSection(ProjectConfigurationPlatforms) = postSolution
		{EA4F2AE0-1C36-4062-9170-B0934FE228F6}.Debug|Any CPU.ActiveCfg = Debug|Any CPU
		{EA4F2AE0-1C36-4062-9170-B0934FE228F6}.Debug|Any CPU.Build.0 = Debug|Any CPU
		{EA4F2AE0-1C36-4062-9170-B0934FE228F6}.Release|Any CPU.ActiveCfg = Release|Any CPU
		{EA4F2AE0-1C36-4062-9170-B0934FE228F6}.Release|Any CPU.Build.0 = Release|Any CPU
	EndGlobalSection
	GlobalSection(SolutionProperties) = preSolution
		HideSolutionNode = FALSE
	EndGlobalSection
	GlobalSection(ExtensibilityGlobals) = postSolution
		SolutionGuid = {522220E8-6A72-46B9-9396-766BF773DBF2}
	EndGlobalSection
EndGlobal
